
Microsoft Visual Studio Solution File, Format Version 12.00
# Visual Studio Version 17
VisualStudioVersion = 17.4.33205.214
MinimumVisualStudioVersion = 10.0.40219.1
Project("{9A19103F-16F7-4668-BE54-9A1E7A4F7556}") = "ModelLibrary", "ModelLibrary\ModelLibrary.csproj", "{76CDB15D-F673-43BC-9331-45B31A2AF917}"
EndProject
Project("{FAE04EC0-301F-11D3-BF4B-00C04F79EFBC}") = "GoldenZombiesApiProject", "GoldenZombiesApiProject\GoldenZombiesApiProject.csproj", "{03DBA259-F90C-44E7-980E-F0F310C55AEE}"
EndProject
Global
	GlobalSection(SolutionConfigurationPlatforms) = preSolution
		Debug|Any CPU = Debug|Any CPU
		Release|Any CPU = Release|Any CPU
	EndGlobalSection
	GlobalSection(ProjectConfigurationPlatforms) = postSolution
		{76CDB15D-F673-43BC-9331-45B31A2AF917}.Debug|Any CPU.ActiveCfg = Debug|Any CPU
		{76CDB15D-F673-43BC-9331-45B31A2AF917}.Debug|Any CPU.Build.0 = Debug|Any CPU
		{76CDB15D-F673-43BC-9331-45B31A2AF917}.Release|Any CPU.ActiveCfg = Release|Any CPU
		{76CDB15D-F673-43BC-9331-45B31A2AF917}.Release|Any CPU.Build.0 = Release|Any CPU
		{03DBA259-F90C-44E7-980E-F0F310C55AEE}.Debug|Any CPU.ActiveCfg = Debug|Any CPU
		{03DBA259-F90C-44E7-980E-F0F310C55AEE}.Debug|Any CPU.Build.0 = Debug|Any CPU
		{03DBA259-F90C-44E7-980E-F0F310C55AEE}.Release|Any CPU.ActiveCfg = Release|Any CPU
		{03DBA259-F90C-44E7-980E-F0F310C55AEE}.Release|Any CPU.Build.0 = Release|Any CPU
	EndGlobalSection
	GlobalSection(SolutionProperties) = preSolution
		HideSolutionNode = FALSE
	EndGlobalSection
	GlobalSection(ExtensibilityGlobals) = postSolution
		SolutionGuid = {0B63C985-3540-4BEB-B7FF-6A522ECD39FF}
	EndGlobalSection
EndGlobal
